Microsoft Visual Studio Solution File, Format Version 12.00
# Visual Studio Version 17
VisualStudioVersion = 17.5.2.0
MinimumVisualStudioVersion = 10.0.40219.1
Project("{2150E333-8FDC-42A3-9474-1A3956D46DE8}") = "RollDice", "RollDice", "{06B16C5B-0AD9-CDC7-83AF-9E1073E99847}"
EndProject
Project("{FAE04EC0-301F-11D3-BF4B-00C04F79EFBC}") = "DiceRoll", "RollDice\DiceRoll\DiceRoll.csproj", "{B5508A1B-D06B-7447-F78C-6B4EF8BB50D0}"
EndProject
Global
	GlobalSection(SolutionConfigurationPlatforms) = preSolution
		Debug|Any CPU = Debug|Any CPU
		Release|Any CPU = Release|Any CPU
	EndGlobalSection
	GlobalSection(ProjectConfigurationPlatforms) = postSolution
		{B5508A1B-D06B-7447-F78C-6B4EF8BB50D0}.Debug|Any CPU.ActiveCfg = Debug|Any CPU
		{B5508A1B-D06B-7447-F78C-6B4EF8BB50D0}.Debug|Any CPU.Build.0 = Debug|Any CPU
		{B5508A1B-D06B-7447-F78C-6B4EF8BB50D0}.Release|Any CPU.ActiveCfg = Release|Any CPU
		{B5508A1B-D06B-7447-F78C-6B4EF8BB50D0}.Release|Any CPU.Build.0 = Release|Any CPU
	EndGlobalSection
	GlobalSection(SolutionProperties) = preSolution
		HideSolutionNode = FALSE
	EndGlobalSection
	GlobalSection(NestedProjects) = preSolution
		{B5508A1B-D06B-7447-F78C-6B4EF8BB50D0} = {06B16C5B-0AD9-CDC7-83AF-9E1073E99847}
	EndGlobalSection
	GlobalSection(ExtensibilityGlobals) = postSolution
		SolutionGuid = {F2CA7742-29EF-4DB6-8F9B-0A0B2EBF29B0}
	EndGlobalSection
EndGlobal
